
Microsoft Visual Studio Solution File, Format Version 12.00
# Visual Studio Version 17
VisualStudioVersion = 17.14.36518.9 d17.14
MinimumVisualStudioVersion = 10.0.40219.1
Project("{2150E333-8FDC-42A3-9474-1A3956D46DE8}") = "Frontend", "Frontend", "{02EA681E-C7D8-13C7-8484-4AC65E1B71E8}"
EndProject
Project("{2150E333-8FDC-42A3-9474-1A3956D46DE8}") = "Gateway", "Gateway", "{D61875AF-7540-4E56-A755-F007AA90E8AE}"
EndProject
Project("{2150E333-8FDC-42A3-9474-1A3956D46DE8}") = "Integration", "Integration", "{EFCB5FFF-4BE6-4E47-932E-B4F0013E671B}"
EndProject
Project("{2150E333-8FDC-42A3-9474-1A3956D46DE8}") = "Services", "Services", "{CC2E815C-2E4E-4FE4-BE1C-30CDCDD402F4}"
EndProject
Project("{FAE04EC0-301F-11D3-BF4B-00C04F79EFBC}") = "MasterAPI", "MasterAPI\MasterAPI.csproj", "{CCDF88D6-BABE-4078-A5C7-1F5301417AB9}"
EndProject
Global
	GlobalSection(SolutionConfigurationPlatforms) = preSolution
		Debug|Any CPU = Debug|Any CPU
		Release|Any CPU = Release|Any CPU
	EndGlobalSection
	GlobalSection(ProjectConfigurationPlatforms) = postSolution
		{CCDF88D6-BABE-4078-A5C7-1F5301417AB9}.Debug|Any CPU.ActiveCfg = Debug|Any CPU
		{CCDF88D6-BABE-4078-A5C7-1F5301417AB9}.Debug|Any CPU.Build.0 = Debug|Any CPU
		{CCDF88D6-BABE-4078-A5C7-1F5301417AB9}.Release|Any CPU.ActiveCfg = Release|Any CPU
		{CCDF88D6-BABE-4078-A5C7-1F5301417AB9}.Release|Any CPU.Build.0 = Release|Any CPU
	EndGlobalSection
	GlobalSection(SolutionProperties) = preSolution
		HideSolutionNode = FALSE
	EndGlobalSection
	GlobalSection(NestedProjects) = preSolution
		{CCDF88D6-BABE-4078-A5C7-1F5301417AB9} = {CC2E815C-2E4E-4FE4-BE1C-30CDCDD402F4}
	EndGlobalSection
	GlobalSection(ExtensibilityGlobals) = postSolution
		SolutionGuid = {9B8B5E74-12FF-4D03-A159-517D92093068}
	EndGlobalSection
EndGlobal
